
Microsoft Visual Studio Solution File, Format Version 11.00
# Visual C# Express 2010
Project("{FAE04EC0-301F-11D3-BF4B-00C04F79EFBC}") = "OPC", "OPC\OPC.csproj", "{248F6B03-0CCF-48BC-AACF-C782B8A8FCEB}"
EndProject
Project("{FAE04EC0-301F-11D3-BF4B-00C04F79EFBC}") = "SingleMMCM", "MMCM\SingleMMCM\SingleMMCM.csproj", "{64B6CB8D-2207-49E7-938E-AB662D47EF05}"
EndProject
Project("{2150E333-8FDC-42A3-9474-1A3956D46DE8}") = "Kinect", "Kinect", "{9772B780-8E60-46D8-9625-2E6F8065ECF8}"
EndProject
Project("{2150E333-8FDC-42A3-9474-1A3956D46DE8}") = "MMCM", "MMCM", "{9A90CF10-81CD-44EC-870A-9A23BC9C7A97}"
EndProject
Project("{FAE04EC0-301F-11D3-BF4B-00C04F79EFBC}") = "RobotConnector", "MMCM\RobotConnector\RobotConnector.csproj", "{98A10CC1-2737-4A91-8570-7402240990CB}"
EndProject
Project("{FAE04EC0-301F-11D3-BF4B-00C04F79EFBC}") = "MMCM.NET", "MMCM\MMCMLibrary\MMCM.NET.csproj", "{CCD18CD0-079C-4A60-A7F1-90933DD14D37}"
EndProject
Project("{FAE04EC0-301F-11D3-BF4B-00C04F79EFBC}") = "HelpersLib", "MMCM\HelpersLib\HelpersLib.csproj", "{278F624F-5C10-4563-BB17-5CA378D0965C}"
EndProject
Project("{FAE04EC0-301F-11D3-BF4B-00C04F79EFBC}") = "MultipleKinectsCalibration", "Kinect\MultipleKinectsCalibration\MultipleKinectsCalibration.csproj", "{58048061-7EF2-4790-B5CA-04403E983946}"
EndProject
Project("{FAE04EC0-301F-11D3-BF4B-00C04F79EFBC}") = "Benchmark", "Benchmark\Benchmark.csproj", "{949CF7AB-5970-45E5-9DC1-38094F543E47}"
EndProject
Project("{FAE04EC0-301F-11D3-BF4B-00C04F79EFBC}") = "Cortex", "WPF\Cortex\Cortex.csproj", "{2ECC7188-EA52-4260-A85F-0EBD7EFE2BC4}"
EndProject
Project("{2150E333-8FDC-42A3-9474-1A3956D46DE8}") = "ThirdParty", "ThirdParty", "{6266BABA-18D5-4C95-8175-74125AAE47F1}"
EndProject
Project("{FAE04EC0-301F-11D3-BF4B-00C04F79EFBC}") = "Metaphone.NET", "ThirdParty\Metaphone.NET\Metaphone.NET.csproj", "{A795F1E1-9357-430B-A86F-44DB614E595A}"
EndProject
Global
	GlobalSection(SolutionConfigurationPlatforms) = preSolution
		Debug|Any CPU = Debug|Any CPU
		Debug|Mixed Platforms = Debug|Mixed Platforms
		Debug|x86 = Debug|x86
		Release|Any CPU = Release|Any CPU
		Release|Mixed Platforms = Release|Mixed Platforms
		Release|x86 = Release|x86
	EndGlobalSection
	GlobalSection(ProjectConfigurationPlatforms) = postSolution
		{248F6B03-0CCF-48BC-AACF-C782B8A8FCEB}.Debug|Any CPU.ActiveCfg = Debug|Any CPU
		{248F6B03-0CCF-48BC-AACF-C782B8A8FCEB}.Debug|Any CPU.Build.0 = Debug|Any CPU
		{248F6B03-0CCF-48BC-AACF-C782B8A8FCEB}.Debug|Mixed Platforms.ActiveCfg = Debug|Any CPU
		{248F6B03-0CCF-48BC-AACF-C782B8A8FCEB}.Debug|Mixed Platforms.Build.0 = Debug|Any CPU
		{248F6B03-0CCF-48BC-AACF-C782B8A8FCEB}.Debug|x86.ActiveCfg = Debug|Any CPU
		{248F6B03-0CCF-48BC-AACF-C782B8A8FCEB}.Release|Any CPU.ActiveCfg = Release|Any CPU
		{248F6B03-0CCF-48BC-AACF-C782B8A8FCEB}.Release|Any CPU.Build.0 = Release|Any CPU
		{248F6B03-0CCF-48BC-AACF-C782B8A8FCEB}.Release|Mixed Platforms.ActiveCfg = Release|Any CPU
		{248F6B03-0CCF-48BC-AACF-C782B8A8FCEB}.Release|Mixed Platforms.Build.0 = Release|Any CPU
		{248F6B03-0CCF-48BC-AACF-C782B8A8FCEB}.Release|x86.ActiveCfg = Release|Any CPU
		{64B6CB8D-2207-49E7-938E-AB662D47EF05}.Debug|Any CPU.ActiveCfg = Debug|x86
		{64B6CB8D-2207-49E7-938E-AB662D47EF05}.Debug|Mixed Platforms.ActiveCfg = Debug|x86
		{64B6CB8D-2207-49E7-938E-AB662D47EF05}.Debug|Mixed Platforms.Build.0 = Debug|x86
		{64B6CB8D-2207-49E7-938E-AB662D47EF05}.Debug|x86.ActiveCfg = Debug|x86
		{64B6CB8D-2207-49E7-938E-AB662D47EF05}.Debug|x86.Build.0 = Debug|x86
		{64B6CB8D-2207-49E7-938E-AB662D47EF05}.Release|Any CPU.ActiveCfg = Release|x86
		{64B6CB8D-2207-49E7-938E-AB662D47EF05}.Release|Mixed Platforms.ActiveCfg = Release|x86
		{64B6CB8D-2207-49E7-938E-AB662D47EF05}.Release|Mixed Platforms.Build.0 = Release|x86
		{64B6CB8D-2207-49E7-938E-AB662D47EF05}.Release|x86.ActiveCfg = Release|x86
		{64B6CB8D-2207-49E7-938E-AB662D47EF05}.Release|x86.Build.0 = Release|x86
		{98A10CC1-2737-4A91-8570-7402240990CB}.Debug|Any CPU.ActiveCfg = Debug|x86
		{98A10CC1-2737-4A91-8570-7402240990CB}.Debug|Mixed Platforms.ActiveCfg = Debug|x86
		{98A10CC1-2737-4A91-8570-7402240990CB}.Debug|Mixed Platforms.Build.0 = Debug|x86
		{98A10CC1-2737-4A91-8570-7402240990CB}.Debug|x86.ActiveCfg = Debug|x86
		{98A10CC1-2737-4A91-8570-7402240990CB}.Debug|x86.Build.0 = Debug|x86
		{98A10CC1-2737-4A91-8570-7402240990CB}.Release|Any CPU.ActiveCfg = Release|x86
		{98A10CC1-2737-4A91-8570-7402240990CB}.Release|Mixed Platforms.ActiveCfg = Release|x86
		{98A10CC1-2737-4A91-8570-7402240990CB}.Release|Mixed Platforms.Build.0 = Release|x86
		{98A10CC1-2737-4A91-8570-7402240990CB}.Release|x86.ActiveCfg = Release|x86
		{98A10CC1-2737-4A91-8570-7402240990CB}.Release|x86.Build.0 = Release|x86
		{CCD18CD0-079C-4A60-A7F1-90933DD14D37}.Debug|Any CPU.ActiveCfg = Debug|Any CPU
		{CCD18CD0-079C-4A60-A7F1-90933DD14D37}.Debug|Any CPU.Build.0 = Debug|Any CPU
		{CCD18CD0-079C-4A60-A7F1-90933DD14D37}.Debug|Mixed Platforms.ActiveCfg = Debug|Any CPU
		{CCD18CD0-079C-4A60-A7F1-90933DD14D37}.Debug|Mixed Platforms.Build.0 = Debug|Any CPU
		{CCD18CD0-079C-4A60-A7F1-90933DD14D37}.Debug|x86.ActiveCfg = Debug|Any CPU
		{CCD18CD0-079C-4A60-A7F1-90933DD14D37}.Release|Any CPU.ActiveCfg = Release|Any CPU
		{CCD18CD0-079C-4A60-A7F1-90933DD14D37}.Release|Any CPU.Build.0 = Release|Any CPU
		{CCD18CD0-079C-4A60-A7F1-90933DD14D37}.Release|Mixed Platforms.ActiveCfg = Release|Any CPU
		{CCD18CD0-079C-4A60-A7F1-90933DD14D37}.Release|Mixed Platforms.Build.0 = Release|Any CPU
		{CCD18CD0-079C-4A60-A7F1-90933DD14D37}.Release|x86.ActiveCfg = Release|Any CPU
		{278F624F-5C10-4563-BB17-5CA378D0965C}.Debug|Any CPU.ActiveCfg = Debug|Any CPU
		{278F624F-5C10-4563-BB17-5CA378D0965C}.Debug|Any CPU.Build.0 = Debug|Any CPU
		{278F624F-5C10-4563-BB17-5CA378D0965C}.Debug|Mixed Platforms.ActiveCfg = Debug|Any CPU
		{278F624F-5C10-4563-BB17-5CA378D0965C}.Debug|Mixed Platforms.Build.0 = Debug|Any CPU
		{278F624F-5C10-4563-BB17-5CA378D0965C}.Debug|x86.ActiveCfg = Debug|Any CPU
		{278F624F-5C10-4563-BB17-5CA378D0965C}.Release|Any CPU.ActiveCfg = Release|Any CPU
		{278F624F-5C10-4563-BB17-5CA378D0965C}.Release|Any CPU.Build.0 = Release|Any CPU
		{278F624F-5C10-4563-BB17-5CA378D0965C}.Release|Mixed Platforms.ActiveCfg = Release|Any CPU
		{278F624F-5C10-4563-BB17-5CA378D0965C}.Release|Mixed Platforms.Build.0 = Release|Any CPU
		{278F624F-5C10-4563-BB17-5CA378D0965C}.Release|x86.ActiveCfg = Release|Any CPU
		{58048061-7EF2-4790-B5CA-04403E983946}.Debug|Any CPU.ActiveCfg = Debug|x86
		{58048061-7EF2-4790-B5CA-04403E983946}.Debug|Mixed Platforms.ActiveCfg = Debug|x86
		{58048061-7EF2-4790-B5CA-04403E983946}.Debug|Mixed Platforms.Build.0 = Debug|x86
		{58048061-7EF2-4790-B5CA-04403E983946}.Debug|x86.ActiveCfg = Debug|x86
		{58048061-7EF2-4790-B5CA-04403E983946}.Debug|x86.Build.0 = Debug|x86
		{58048061-7EF2-4790-B5CA-04403E983946}.Release|Any CPU.ActiveCfg = Release|x86
		{58048061-7EF2-4790-B5CA-04403E983946}.Release|Mixed Platforms.ActiveCfg = Release|x86
		{58048061-7EF2-4790-B5CA-04403E983946}.Release|Mixed Platforms.Build.0 = Release|x86
		{58048061-7EF2-4790-B5CA-04403E983946}.Release|x86.ActiveCfg = Release|x86
		{58048061-7EF2-4790-B5CA-04403E983946}.Release|x86.Build.0 = Release|x86
		{949CF7AB-5970-45E5-9DC1-38094F543E47}.Debug|Any CPU.ActiveCfg = Debug|x86
		{949CF7AB-5970-45E5-9DC1-38094F543E47}.Debug|Mixed Platforms.ActiveCfg = Debug|x86
		{949CF7AB-5970-45E5-9DC1-38094F543E47}.Debug|Mixed Platforms.Build.0 = Debug|x86
		{949CF7AB-5970-45E5-9DC1-38094F543E47}.Debug|x86.ActiveCfg = Debug|x86
		{949CF7AB-5970-45E5-9DC1-38094F543E47}.Debug|x86.Build.0 = Debug|x86
		{949CF7AB-5970-45E5-9DC1-38094F543E47}.Release|Any CPU.ActiveCfg = Release|x86
		{949CF7AB-5970-45E5-9DC1-38094F543E47}.Release|Mixed Platforms.ActiveCfg = Release|x86
		{949CF7AB-5970-45E5-9DC1-38094F543E47}.Release|Mixed Platforms.Build.0 = Release|x86
		{949CF7AB-5970-45E5-9DC1-38094F543E47}.Release|x86.ActiveCfg = Release|x86
		{949CF7AB-5970-45E5-9DC1-38094F543E47}.Release|x86.Build.0 = Release|x86
		{2ECC7188-EA52-4260-A85F-0EBD7EFE2BC4}.Debug|Any CPU.ActiveCfg = Debug|x86
		{2ECC7188-EA52-4260-A85F-0EBD7EFE2BC4}.Debug|Mixed Platforms.ActiveCfg = Debug|x86
		{2ECC7188-EA52-4260-A85F-0EBD7EFE2BC4}.Debug|Mixed Platforms.Build.0 = Debug|x86
		{2ECC7188-EA52-4260-A85F-0EBD7EFE2BC4}.Debug|x86.ActiveCfg = Debug|x86
		{2ECC7188-EA52-4260-A85F-0EBD7EFE2BC4}.Debug|x86.Build.0 = Debug|x86
		{2ECC7188-EA52-4260-A85F-0EBD7EFE2BC4}.Release|Any CPU.ActiveCfg = Release|x86
		{2ECC7188-EA52-4260-A85F-0EBD7EFE2BC4}.Release|Mixed Platforms.ActiveCfg = Release|x86
		{2ECC7188-EA52-4260-A85F-0EBD7EFE2BC4}.Release|Mixed Platforms.Build.0 = Release|x86
		{2ECC7188-EA52-4260-A85F-0EBD7EFE2BC4}.Release|x86.ActiveCfg = Release|x86
		{2ECC7188-EA52-4260-A85F-0EBD7EFE2BC4}.Release|x86.Build.0 = Release|x86
		{A795F1E1-9357-430B-A86F-44DB614E595A}.Debug|Any CPU.ActiveCfg = Debug|Any CPU
		{A795F1E1-9357-430B-A86F-44DB614E595A}.Debug|Any CPU.Build.0 = Debug|Any CPU
		{A795F1E1-9357-430B-A86F-44DB614E595A}.Debug|Mixed Platforms.ActiveCfg = Debug|Any CPU
		{A795F1E1-9357-430B-A86F-44DB614E595A}.Debug|Mixed Platforms.Build.0 = Debug|Any CPU
		{A795F1E1-9357-430B-A86F-44DB614E595A}.Debug|x86.ActiveCfg = Debug|Any CPU
		{A795F1E1-9357-430B-A86F-44DB614E595A}.Release|Any CPU.ActiveCfg = Release|Any CPU
		{A795F1E1-9357-430B-A86F-44DB614E595A}.Release|Any CPU.Build.0 = Release|Any CPU
		{A795F1E1-9357-430B-A86F-44DB614E595A}.Release|Mixed Platforms.ActiveCfg = Release|Any CPU
		{A795F1E1-9357-430B-A86F-44DB614E595A}.Release|Mixed Platforms.Build.0 = Release|Any CPU
		{A795F1E1-9357-430B-A86F-44DB614E595A}.Release|x86.ActiveCfg = Release|Any CPU
	EndGlobalSection
	GlobalSection(SolutionProperties) = preSolution
		HideSolutionNode = FALSE
	EndGlobalSection
	GlobalSection(NestedProjects) = preSolution
		{64B6CB8D-2207-49E7-938E-AB662D47EF05} = {9A90CF10-81CD-44EC-870A-9A23BC9C7A97}
		{98A10CC1-2737-4A91-8570-7402240990CB} = {9A90CF10-81CD-44EC-870A-9A23BC9C7A97}
		{CCD18CD0-079C-4A60-A7F1-90933DD14D37} = {9A90CF10-81CD-44EC-870A-9A23BC9C7A97}
		{278F624F-5C10-4563-BB17-5CA378D0965C} = {9A90CF10-81CD-44EC-870A-9A23BC9C7A97}
		{949CF7AB-5970-45E5-9DC1-38094F543E47} = {9A90CF10-81CD-44EC-870A-9A23BC9C7A97}
		{2ECC7188-EA52-4260-A85F-0EBD7EFE2BC4} = {9A90CF10-81CD-44EC-870A-9A23BC9C7A97}
		{58048061-7EF2-4790-B5CA-04403E983946} = {9772B780-8E60-46D8-9625-2E6F8065ECF8}
		{A795F1E1-9357-430B-A86F-44DB614E595A} = {6266BABA-18D5-4C95-8175-74125AAE47F1}
	EndGlobalSection
EndGlobal
