
Microsoft Visual Studio Solution File, Format Version 11.00
# Visual Studio 2010
Project("{FAE04EC0-301F-11D3-BF4B-00C04F79EFBC}") = "SingleMMCM", "MMCM\SingleMMCM\SingleMMCM.csproj", "{64B6CB8D-2207-49E7-938E-AB662D47EF05}"
EndProject
Project("{2150E333-8FDC-42A3-9474-1A3956D46DE8}") = "MMCM", "MMCM", "{9A90CF10-81CD-44EC-870A-9A23BC9C7A97}"
EndProject
Project("{FAE04EC0-301F-11D3-BF4B-00C04F79EFBC}") = "RobotConnector", "MMCM\RobotConnector\RobotConnector.csproj", "{98A10CC1-2737-4A91-8570-7402240990CB}"
EndProject
Project("{FAE04EC0-301F-11D3-BF4B-00C04F79EFBC}") = "MMCM.NET", "MMCM\MMCMLibrary\MMCM.NET.csproj", "{CCD18CD0-079C-4A60-A7F1-90933DD14D37}"
EndProject
Project("{FAE04EC0-301F-11D3-BF4B-00C04F79EFBC}") = "HelpersLib", "MMCM\HelpersLib\HelpersLib.csproj", "{278F624F-5C10-4563-BB17-5CA378D0965C}"
EndProject
Project("{2150E333-8FDC-42A3-9474-1A3956D46DE8}") = "ThirdParty", "ThirdParty", "{6266BABA-18D5-4C95-8175-74125AAE47F1}"
EndProject
Project("{FAE04EC0-301F-11D3-BF4B-00C04F79EFBC}") = "Metaphone.NET", "ThirdParty\Metaphone.NET\Metaphone.NET.csproj", "{A795F1E1-9357-430B-A86F-44DB614E595A}"
EndProject
Project("{FAE04EC0-301F-11D3-BF4B-00C04F79EFBC}") = "CVZ_Simulator", "CVZ_Simulator\CVZ_Simulator.csproj", "{01C109A9-F024-4F67-B04D-C784FD2C7259}"
EndProject
Global
	GlobalSection(SolutionConfigurationPlatforms) = preSolution
		Debug|Any CPU = Debug|Any CPU
		Debug|Mixed Platforms = Debug|Mixed Platforms
		Debug|x86 = Debug|x86
		Release|Any CPU = Release|Any CPU
		Release|Mixed Platforms = Release|Mixed Platforms
		Release|x86 = Release|x86
	EndGlobalSection
	GlobalSection(ProjectConfigurationPlatforms) = postSolution
		{64B6CB8D-2207-49E7-938E-AB662D47EF05}.Debug|Any CPU.ActiveCfg = Debug|x86
		{64B6CB8D-2207-49E7-938E-AB662D47EF05}.Debug|Mixed Platforms.ActiveCfg = Debug|x86
		{64B6CB8D-2207-49E7-938E-AB662D47EF05}.Debug|Mixed Platforms.Build.0 = Debug|x86
		{64B6CB8D-2207-49E7-938E-AB662D47EF05}.Debug|x86.ActiveCfg = Debug|x86
		{64B6CB8D-2207-49E7-938E-AB662D47EF05}.Debug|x86.Build.0 = Debug|x86
		{64B6CB8D-2207-49E7-938E-AB662D47EF05}.Release|Any CPU.ActiveCfg = Release|x86
		{64B6CB8D-2207-49E7-938E-AB662D47EF05}.Release|Mixed Platforms.ActiveCfg = Release|x86
		{64B6CB8D-2207-49E7-938E-AB662D47EF05}.Release|Mixed Platforms.Build.0 = Release|x86
		{64B6CB8D-2207-49E7-938E-AB662D47EF05}.Release|x86.ActiveCfg = Release|x86
		{64B6CB8D-2207-49E7-938E-AB662D47EF05}.Release|x86.Build.0 = Release|x86
		{98A10CC1-2737-4A91-8570-7402240990CB}.Debug|Any CPU.ActiveCfg = Debug|x86
		{98A10CC1-2737-4A91-8570-7402240990CB}.Debug|Mixed Platforms.ActiveCfg = Debug|x86
		{98A10CC1-2737-4A91-8570-7402240990CB}.Debug|Mixed Platforms.Build.0 = Debug|x86
		{98A10CC1-2737-4A91-8570-7402240990CB}.Debug|x86.ActiveCfg = Debug|x86
		{98A10CC1-2737-4A91-8570-7402240990CB}.Debug|x86.Build.0 = Debug|x86
		{98A10CC1-2737-4A91-8570-7402240990CB}.Release|Any CPU.ActiveCfg = Release|x86
		{98A10CC1-2737-4A91-8570-7402240990CB}.Release|Mixed Platforms.ActiveCfg = Release|x86
		{98A10CC1-2737-4A91-8570-7402240990CB}.Release|Mixed Platforms.Build.0 = Release|x86
		{98A10CC1-2737-4A91-8570-7402240990CB}.Release|x86.ActiveCfg = Release|x86
		{98A10CC1-2737-4A91-8570-7402240990CB}.Release|x86.Build.0 = Release|x86
		{CCD18CD0-079C-4A60-A7F1-90933DD14D37}.Debug|Any CPU.ActiveCfg = Debug|Any CPU
		{CCD18CD0-079C-4A60-A7F1-90933DD14D37}.Debug|Any CPU.Build.0 = Debug|Any CPU
		{CCD18CD0-079C-4A60-A7F1-90933DD14D37}.Debug|Mixed Platforms.ActiveCfg = Debug|Any CPU
		{CCD18CD0-079C-4A60-A7F1-90933DD14D37}.Debug|Mixed Platforms.Build.0 = Debug|Any CPU
		{CCD18CD0-079C-4A60-A7F1-90933DD14D37}.Debug|x86.ActiveCfg = Debug|Any CPU
		{CCD18CD0-079C-4A60-A7F1-90933DD14D37}.Release|Any CPU.ActiveCfg = Release|Any CPU
		{CCD18CD0-079C-4A60-A7F1-90933DD14D37}.Release|Any CPU.Build.0 = Release|Any CPU
		{CCD18CD0-079C-4A60-A7F1-90933DD14D37}.Release|Mixed Platforms.ActiveCfg = Release|Any CPU
		{CCD18CD0-079C-4A60-A7F1-90933DD14D37}.Release|Mixed Platforms.Build.0 = Release|Any CPU
		{CCD18CD0-079C-4A60-A7F1-90933DD14D37}.Release|x86.ActiveCfg = Release|Any CPU
		{278F624F-5C10-4563-BB17-5CA378D0965C}.Debug|Any CPU.ActiveCfg = Debug|Any CPU
		{278F624F-5C10-4563-BB17-5CA378D0965C}.Debug|Any CPU.Build.0 = Debug|Any CPU
		{278F624F-5C10-4563-BB17-5CA378D0965C}.Debug|Mixed Platforms.ActiveCfg = Debug|Any CPU
		{278F624F-5C10-4563-BB17-5CA378D0965C}.Debug|Mixed Platforms.Build.0 = Debug|Any CPU
		{278F624F-5C10-4563-BB17-5CA378D0965C}.Debug|x86.ActiveCfg = Debug|Any CPU
		{278F624F-5C10-4563-BB17-5CA378D0965C}.Release|Any CPU.ActiveCfg = Release|Any CPU
		{278F624F-5C10-4563-BB17-5CA378D0965C}.Release|Any CPU.Build.0 = Release|Any CPU
		{278F624F-5C10-4563-BB17-5CA378D0965C}.Release|Mixed Platforms.ActiveCfg = Release|Any CPU
		{278F624F-5C10-4563-BB17-5CA378D0965C}.Release|Mixed Platforms.Build.0 = Release|Any CPU
		{278F624F-5C10-4563-BB17-5CA378D0965C}.Release|x86.ActiveCfg = Release|Any CPU
		{A795F1E1-9357-430B-A86F-44DB614E595A}.Debug|Any CPU.ActiveCfg = Debug|Any CPU
		{A795F1E1-9357-430B-A86F-44DB614E595A}.Debug|Any CPU.Build.0 = Debug|Any CPU
		{A795F1E1-9357-430B-A86F-44DB614E595A}.Debug|Mixed Platforms.ActiveCfg = Debug|Any CPU
		{A795F1E1-9357-430B-A86F-44DB614E595A}.Debug|Mixed Platforms.Build.0 = Debug|Any CPU
		{A795F1E1-9357-430B-A86F-44DB614E595A}.Debug|x86.ActiveCfg = Debug|Any CPU
		{A795F1E1-9357-430B-A86F-44DB614E595A}.Release|Any CPU.ActiveCfg = Release|Any CPU
		{A795F1E1-9357-430B-A86F-44DB614E595A}.Release|Any CPU.Build.0 = Release|Any CPU
		{A795F1E1-9357-430B-A86F-44DB614E595A}.Release|Mixed Platforms.ActiveCfg = Release|Any CPU
		{A795F1E1-9357-430B-A86F-44DB614E595A}.Release|Mixed Platforms.Build.0 = Release|Any CPU
		{A795F1E1-9357-430B-A86F-44DB614E595A}.Release|x86.ActiveCfg = Release|Any CPU
		{01C109A9-F024-4F67-B04D-C784FD2C7259}.Debug|Any CPU.ActiveCfg = Debug|x86
		{01C109A9-F024-4F67-B04D-C784FD2C7259}.Debug|Mixed Platforms.ActiveCfg = Debug|x86
		{01C109A9-F024-4F67-B04D-C784FD2C7259}.Debug|Mixed Platforms.Build.0 = Debug|x86
		{01C109A9-F024-4F67-B04D-C784FD2C7259}.Debug|x86.ActiveCfg = Debug|x86
		{01C109A9-F024-4F67-B04D-C784FD2C7259}.Debug|x86.Build.0 = Debug|x86
		{01C109A9-F024-4F67-B04D-C784FD2C7259}.Release|Any CPU.ActiveCfg = Release|x86
		{01C109A9-F024-4F67-B04D-C784FD2C7259}.Release|Mixed Platforms.ActiveCfg = Release|x86
		{01C109A9-F024-4F67-B04D-C784FD2C7259}.Release|Mixed Platforms.Build.0 = Release|x86
		{01C109A9-F024-4F67-B04D-C784FD2C7259}.Release|x86.ActiveCfg = Release|x86
		{01C109A9-F024-4F67-B04D-C784FD2C7259}.Release|x86.Build.0 = Release|x86
	EndGlobalSection
	GlobalSection(SolutionProperties) = preSolution
		HideSolutionNode = FALSE
	EndGlobalSection
	GlobalSection(NestedProjects) = preSolution
		{64B6CB8D-2207-49E7-938E-AB662D47EF05} = {9A90CF10-81CD-44EC-870A-9A23BC9C7A97}
		{98A10CC1-2737-4A91-8570-7402240990CB} = {9A90CF10-81CD-44EC-870A-9A23BC9C7A97}
		{CCD18CD0-079C-4A60-A7F1-90933DD14D37} = {9A90CF10-81CD-44EC-870A-9A23BC9C7A97}
		{278F624F-5C10-4563-BB17-5CA378D0965C} = {9A90CF10-81CD-44EC-870A-9A23BC9C7A97}
		{01C109A9-F024-4F67-B04D-C784FD2C7259} = {9A90CF10-81CD-44EC-870A-9A23BC9C7A97}
		{A795F1E1-9357-430B-A86F-44DB614E595A} = {6266BABA-18D5-4C95-8175-74125AAE47F1}
	EndGlobalSection
EndGlobal
